// !$*UTF8*$!
{
	archiveVersion = 1;
	classes = {
	};
	objectVersion = 46;
	objects = {

/* Begin PBXBuildFile section */
		03FF49A61C9030B50049FB4D /* AppDelegate.swift in Sources */ = {isa = PBXBuildFile; fileRef = 03FF49A51C9030B50049FB4D /* AppDelegate.swift */; };
		03FF49A81C9030B50049FB4D /* MasterViewController.swift in Sources */ = {isa = PBXBuildFile; fileRef = 03FF49A71C9030B50049FB4D /* MasterViewController.swift */; };
		03FF49AA1C9030B50049FB4D /* DetailViewController.swift in Sources */ = {isa = PBXBuildFile; fileRef = 03FF49A91C9030B50049FB4D /* DetailViewController.swift */; };
		03FF49AD1C9030B50049FB4D /* Main.storyboard in Resources */ = {isa = PBXBuildFile; fileRef = 03FF49AB1C9030B50049FB4D /* Main.storyboard */; };
		03FF49AF1C9030B50049FB4D /* Assets.xcassets in Resources */ = {isa = PBXBuildFile; fileRef = 03FF49AE1C9030B50049FB4D /* Assets.xcassets */; };
		03FF49B21C9030B50049FB4D /* LaunchScreen.storyboard in Resources */ = {isa = PBXBuildFile; fileRef = 03FF49B01C9030B50049FB4D /* LaunchScreen.storyboard */; };
/* End PBXBuildFile section */

/* Begin PBXFileReference section */
		03FF49A21C9030B50049FB4D /* Project7.app */ = {isa = PBXFileReference; explicitFileType = wrapper.application; includeInIndex = 0; path = Project7.app; sourceTree = BUILT_PRODUCTS_DIR; };
		03FF49A51C9030B50049FB4D /* AppDelegate.swift */ = {isa = PBXFileReference; lastKnownFileType = sourcecode.swift; path = AppDelegate.swift; sourceTree = "<group>"; };
		03FF49A71C9030B50049FB4D /* MasterViewController.swift */ = {isa = PBXFileReference; lastKnownFileType = sourcecode.swift; path = MasterViewController.swift; sourceTree = "<group>"; };
		03FF49A91C9030B50049FB4D /* DetailViewController.swift */ = {isa = PBXFileReference; lastKnownFileType = sourcecode.swift; path = DetailViewController.swift; sourceTree = "<group>"; };
		03FF49AC1C9030B50049FB4D /* Base */ = {isa = PBXFileReference; lastKnownFileType = file.storyboard; name = Base; path = Base.lproj/Main.storyboard; sourceTree = "<group>"; };
		03FF49AE1C9030B50049FB4D /* Assets.xcassets */ = {isa = PBXFileReference; lastKnownFileType = folder.assetcatalog; path = Assets.xcassets; sourceTree = "<group>"; };
		03FF49B11C9030B50049FB4D /* Base */ = {isa = PBXFileReference; lastKnownFileType = file.storyboard; name = Base; path = Base.lproj/LaunchScreen.storyboard; sourceTree = "<group>"; };
		03FF49B31C9030B50049FB4D /* Info.plist */ = {isa = PBXFileReference; lastKnownFileType = text.plist.xml; path = Info.plist; sourceTree = "<group>"; };
/* End PBXFileReference section */

/* Begin PBXFrameworksBuildPhase section */
		03FF499F1C9030B50049FB4D /* Frameworks */ = {
			isa = PBXFrameworksBuildPhase;
			buildActionMask = 2147483647;
			files = (
			);
			runOnlyForDeploymentPostprocessing = 0;
		};
/* End PBXFrameworksBuildPhase section */

/* Begin PBXGroup section */
		03FF49991C9030B50049FB4D = {
			isa = PBXGroup;
			children = (
				03FF49A41C9030B50049FB4D /* Project7 */,
				03FF49A31C9030B50049FB4D /* Products */,
			);
			sourceTree = "<group>";
		};
		03FF49A31C9030B50049FB4D /* Products */ = {
			isa = PBXGroup;
			children = (
				03FF49A21C9030B50049FB4D /* Project7.app */,
			);
			name = Products;
			sourceTree = "<group>";
		};
		03FF49A41C9030B50049FB4D /* Project7 */ = {
			isa = PBXGroup;
			children = (
				03FF49A51C9030B50049FB4D /* AppDelegate.swift */,
				03FF49A71C9030B50049FB4D /* MasterViewController.swift */,
				03FF49A91C9030B50049FB4D /* DetailViewController.swift */,
				03FF49AB1C9030B50049FB4D /* Main.storyboard */,
				03FF49AE1C9030B50049FB4D /* Assets.xcassets */,
				03FF49B01C9030B50049FB4D /* LaunchScreen.storyboard */,
				03FF49B31C9030B50049FB4D /* Info.plist */,
			);
			path = Project7;
			sourceTree = "<group>";
		};
/* End PBXGroup section */

/* Begin PBXNativeTarget section */
		03FF49A11C9030B50049FB4D /* Project7 */ = {
			isa = PBXNativeTarget;
			buildConfigurationList = 03FF49B61C9030B50049FB4D /* Build configuration list for PBXNativeTarget "Project7" */;
			buildPhases = (
				03FF499E1C9030B50049FB4D /* Sources */,
				03FF499F1C9030B50049FB4D /* Frameworks */,
				03FF49A01C9030B50049FB4D /* Resources */,
			);
			buildRules = (
			);
			dependencies = (
			);
			name = Project7;
			productName = Project7;
			productReference = 03FF49A21C9030B50049FB4D /* Project7.app */;
			productType = "com.apple.product-type.application";
		};
/* End PBXNativeTarget section */

/* Begin PBXProject section */
		03FF499A1C9030B50049FB4D /* Project object */ = {
			isa = PBXProject;
			attributes = {
				LastSwiftUpdateCheck = 0720;
				LastUpgradeCheck = 0720;
				ORGANIZATIONNAME = Nicosoft;
				TargetAttributes = {
					03FF49A11C9030B50049FB4D = {
						CreatedOnToolsVersion = 7.2.1;
					};
				};
			};
			buildConfigurationList = 03FF499D1C9030B50049FB4D /* Build configuration list for PBXProject "Project7" */;
			compatibilityVersion = "Xcode 3.2";
			developmentRegion = English;
			hasScannedForEncodings = 0;
			knownRegions = (
				en,
				Base,
			);
			mainGroup = 03FF49991C9030B50049FB4D;
			productRefGroup = 03FF49A31C9030B50049FB4D /* Products */;
			projectDirPath = "";
			projectRoot = "";
			targets = (
				03FF49A11C9030B50049FB4D /* Project7 */,
			);
		};
/* End PBXProject section */

/* Begin PBXResourcesBuildPhase section */
		03FF49A01C9030B50049FB4D /* Resources */ = {
			isa = PBXResourcesBuildPhase;
			buildActionMask = 2147483647;
			files = (
				03FF49B21C9030B50049FB4D /* LaunchScreen.storyboard in Resources */,
				03FF49AF1C9030B50049FB4D /* Assets.xcassets in Resources */,
				03FF49AD1C9030B50049FB4D /* Main.storyboard in Resources */,
			);
			runOnlyForDeploymentPostprocessing = 0;
		};
/* End PBXResourcesBuildPhase section */

/* Begin PBXSourcesBuildPhase section */
		03FF499E1C9030B50049FB4D /* Sources */ = {
			isa = PBXSourcesBuildPhase;
			buildActionMask = 2147483647;
			files = (
				03FF49AA1C9030B50049FB4D /* DetailViewController.swift in Sources */,
				03FF49A81C9030B50049FB4D /* MasterViewController.swift in Sources */,
				03FF49A61C9030B50049FB4D /* AppDelegate.swift in Sources */,
			);
			runOnlyForDeploymentPostprocessing = 0;
		};
/* End PBXSourcesBuildPhase section */

/* Begin PBXVariantGroup section */
		03FF49AB1C9030B50049FB4D /* Main.storyboard */ = {
			isa = PBXVariantGroup;
			children = (
				03FF49AC1C9030B50049FB4D /* Base */,
			);
			name = Main.storyboard;
			sourceTree = "<group>";
		};
		03FF49B01C9030B50049FB4D /* LaunchScreen.storyboard */ = {
			isa = PBXVariantGroup;
			children = (
				03FF49B11C9030B50049FB4D /* Base */,
			);
			name = LaunchScreen.storyboard;
			sourceTree = "<group>";
		};
/* End PBXVariantGroup section */

/* Begin XCBuildConfiguration section */
		03FF49B41C9030B50049FB4D /* Debug */ = {
			isa = XCBuildConfiguration;
			buildSettings = {
				ALWAYS_SEARCH_USER_PATHS = NO;
				CLANG_CXX_LANGUAGE_STANDARD = "gnu++0x";
				CLANG_CXX_LIBRARY = "libc++";
				CLANG_ENABLE_MODULES = YES;
				CLANG_ENABLE_OBJC_ARC = YES;
				CLANG_WARN_BOOL_CONVERSION = YES;
				CLANG_WARN_CONSTANT_CONVERSION = YES;
				CLANG_WARN_DIRECT_OBJC_ISA_USAGE = YES_ERROR;
				CLANG_WARN_EMPTY_BODY = YES;
				CLANG_WARN_ENUM_CONVERSION = YES;
				CLANG_WARN_INT_CONVERSION = YES;
				CLANG_WARN_OBJC_ROOT_CLASS = YES_ERROR;
				CLANG_WARN_UNREACHABLE_CODE = YES;
				CLANG_WARN__DUPLICATE_METHOD_MATCH = YES;
				"CODE_SIGN_IDENTITY[sdk=iphoneos*]" = "iPhone Developer";
				COPY_PHASE_STRIP = NO;
				DEBUG_INFORMATION_FORMAT = dwarf;
				ENABLE_STRICT_OBJC_MSGSEND = YES;
				ENABLE_TESTABILITY = YES;
				GCC_C_LANGUAGE_STANDARD = gnu99;
				GCC_DYNAMIC_NO_PIC = NO;
				GCC_NO_COMMON_BLOCKS = YES;
				GCC_OPTIMIZATION_LEVEL = 0;
				GCC_PREPROCESSOR_DEFINITIONS = (
					"DEBUG=1",
					"$(inherited)",
				);
				GCC_WARN_64_TO_32_BIT_CONVERSION = YES;
				GCC_WARN_ABOUT_RETURN_TYPE = YES_ERROR;
				GCC_WARN_UNDECLARED_SELECTOR = YES;
				GCC_WARN_UNINITIALIZED_AUTOS = YES_AGGRESSIVE;
				GCC_WARN_UNUSED_FUNCTION = YES;
				GCC_WARN_UNUSED_VARIABLE = YES;
				IPHONEOS_DEPLOYMENT_TARGET = 9.2;
				MTL_ENABLE_DEBUG_INFO = YES;
				ONLY_ACTIVE_ARCH = YES;
				SDKROOT = iphoneos;
				SWIFT_OPTIMIZATION_LEVEL = "-Onone";
				TARGETED_DEVICE_FAMILY = 2;
			};
			name = Debug;
		};
		03FF49B51C9030B50049FB4D /* Release */ = {
			isa = XCBuildConfiguration;
			buildSettings = {
				ALWAYS_SEARCH_USER_PATHS = NO;
				CLANG_CXX_LANGUAGE_STANDARD = "gnu++0x";
				CLANG_CXX_LIBRARY = "libc++";
				CLANG_ENABLE_MODULES = YES;
				CLANG_ENABLE_OBJC_ARC = YES;
				CLANG_WARN_BOOL_CONVERSION = YES;
				CLANG_WARN_CONSTANT_CONVERSION = YES;
				CLANG_WARN_DIRECT_OBJC_ISA_USAGE = YES_ERROR;
				CLANG_WARN_EMPTY_BODY = YES;
				CLANG_WARN_ENUM_CONVERSION = YES;
				CLANG_WARN_INT_CONVERSION = YES;
				CLANG_WARN_OBJC_ROOT_CLASS = YES_ERROR;
				CLANG_WARN_UNREACHABLE_CODE = YES;
				CLANG_WARN__DUPLICATE_METHOD_MATCH = YES;
				"CODE_SIGN_IDENTITY[sdk=iphoneos*]" = "iPhone Developer";
				COPY_PHASE_STRIP = NO;
				DEBUG_INFORMATION_FORMAT = "dwarf-with-dsym";
				ENABLE_NS_ASSERTIONS = NO;
				ENABLE_STRICT_OBJC_MSGSEND = YES;
				GCC_C_LANGUAGE_STANDARD = gnu99;
				GCC_NO_COMMON_BLOCKS = YES;
				GCC_WARN_64_TO_32_BIT_CONVERSION = YES;
				GCC_WARN_ABOUT_RETURN_TYPE = YES_ERROR;
				GCC_WARN_UNDECLARED_SELECTOR = YES;
				GCC_WARN_UNINITIALIZED_AUTOS = YES_AGGRESSIVE;
				GCC_WARN_UNUSED_FUNCTION = YES;
				GCC_WARN_UNUSED_VARIABLE = YES;
				IPHONEOS_DEPLOYMENT_TARGET = 9.2;
				MTL_ENABLE_DEBUG_INFO = NO;
				SDKROOT = iphoneos;
				TARGETED_DEVICE_FAMILY = 2;
				VALIDATE_PRODUCT = YES;
			};
			name = Release;
		};
		03FF49B71C9030B50049FB4D /* Debug */ = {
			isa = XCBuildConfiguration;
			buildSettings = {
				ASSETCATALOG_COMPILER_APPICON_NAME = AppIcon;
				INFOPLIST_FILE = Project7/Info.plist;
				LD_RUNPATH_SEARCH_PATHS = "$(inherited) @executable_path/Frameworks";
				PRODUCT_BUNDLE_IDENTIFIER = com.nicosoft.Project7;
				PRODUCT_NAME = "$(TARGET_NAME)";
			};
			name = Debug;
		};
		03FF49B81C9030B50049FB4D /* Release */ = {
			isa = XCBuildConfiguration;
			buildSettings = {
				ASSETCATALOG_COMPILER_APPICON_NAME = AppIcon;
				INFOPLIST_FILE = Project7/Info.plist;
				LD_RUNPATH_SEARCH_PATHS = "$(inherited) @executable_path/Frameworks";
				PRODUCT_BUNDLE_IDENTIFIER = com.nicosoft.Project7;
				PRODUCT_NAME = "$(TARGET_NAME)";
			};
			name = Release;
		};
/* End XCBuildConfiguration section */

/* Begin XCConfigurationList section */
		03FF499D1C9030B50049FB4D /* Build configuration list for PBXProject "Project7" */ = {
			isa = XCConfigurationList;
			buildConfigurations = (
				03FF49B41C9030B50049FB4D /* Debug */,
				03FF49B51C9030B50049FB4D /* Release */,
			);
			defaultConfigurationIsVisible = 0;
			defaultConfigurationName = Release;
		};
		03FF49B61C9030B50049FB4D /* Build configuration list for PBXNativeTarget "Project7" */ = {
			isa = XCConfigurationList;
			buildConfigurations = (
				03FF49B71C9030B50049FB4D /* Debug */,
				03FF49B81C9030B50049FB4D /* Release */,
			);
			defaultConfigurationIsVisible = 0;
		};
/* End XCConfigurationList section */
	};
	rootObject = 03FF499A1C9030B50049FB4D /* Project object */;
}
